
Microsoft Visual Studio Solution File, Format Version 12.00
# Visual Studio Version 17
VisualStudioVersion = 17.0.31903.59
MinimumVisualStudioVersion = 10.0.40219.1
Project("{2150E333-8FDC-42A3-9474-1A3956D46DE8}") = "Ejercicio_0_Calculo_Edad", "Ejercicio_0_Calculo_Edad", "{7676C7A3-BD0E-EDEE-0A3D-81F7D73A6A34}"
EndProject
Project("{2150E333-8FDC-42A3-9474-1A3956D46DE8}") = "Final", "Final", "{167D2CA4-556C-1102-0DFD-34A4258A1AC4}"
EndProject
Project("{FAE04EC0-301F-11D3-BF4B-00C04F79EFBC}") = "Calculo-Edad", "Ejercicio_0_Calculo_Edad\Final\Calculo-Edad\Calculo-Edad.csproj", "{C1B8D93D-26DB-45B0-9819-29DB87F9E541}"
EndProject
Project("{2150E333-8FDC-42A3-9474-1A3956D46DE8}") = "Ejercicio_01_Certificaciones", "Ejercicio_01_Certificaciones", "{D5201CF9-0672-89D7-496F-B34616518331}"
EndProject
Project("{2150E333-8FDC-42A3-9474-1A3956D46DE8}") = "Final", "Final", "{51835682-909E-7B9E-1168-6E73C1C94D11}"
EndProject
Project("{FAE04EC0-301F-11D3-BF4B-00C04F79EFBC}") = "Ejercicio1-Final", "Ejercicio_01_Certificaciones\Final\Ejercicio1-Final\Ejercicio1-Final.csproj", "{C9C80513-9477-47FE-AC23-F8EF6A04D018}"
EndProject
Project("{2150E333-8FDC-42A3-9474-1A3956D46DE8}") = "Ejercicio_02_Legacy", "Ejercicio_02_Legacy", "{B8167445-BFC4-454A-B580-81C838DF0634}"
EndProject
Project("{2150E333-8FDC-42A3-9474-1A3956D46DE8}") = "Base", "Base", "{F9E1B349-7787-AB82-5A07-60F31510379D}"
EndProject
Project("{FAE04EC0-301F-11D3-BF4B-00C04F79EFBC}") = "Ejercicio2-Base", "Ejercicio_02_Legacy\Base\Ejercicio2-Base\Ejercicio2-Base.csproj", "{F7486344-195B-4749-9016-1EF020AB6051}"
EndProject
Project("{2150E333-8FDC-42A3-9474-1A3956D46DE8}") = "Final", "Final", "{07F7A9B4-B92C-6681-AB0F-045A23734319}"
EndProject
Project("{FAE04EC0-301F-11D3-BF4B-00C04F79EFBC}") = "Ejercicio2-Final", "Ejercicio_02_Legacy\Final\Ejercicio2-Final\Ejercicio2-Final.csproj", "{BA619778-58C5-426E-BBA9-E80245784D79}"
EndProject
Global
	GlobalSection(SolutionConfigurationPlatforms) = preSolution
		Debug|Any CPU = Debug|Any CPU
		Debug|x64 = Debug|x64
		Debug|x86 = Debug|x86
		Release|Any CPU = Release|Any CPU
		Release|x64 = Release|x64
		Release|x86 = Release|x86
	EndGlobalSection
	GlobalSection(ProjectConfigurationPlatforms) = postSolution
		{C1B8D93D-26DB-45B0-9819-29DB87F9E541}.Debug|Any CPU.ActiveCfg = Debug|Any CPU
		{C1B8D93D-26DB-45B0-9819-29DB87F9E541}.Debug|Any CPU.Build.0 = Debug|Any CPU
		{C1B8D93D-26DB-45B0-9819-29DB87F9E541}.Debug|x64.ActiveCfg = Debug|Any CPU
		{C1B8D93D-26DB-45B0-9819-29DB87F9E541}.Debug|x64.Build.0 = Debug|Any CPU
		{C1B8D93D-26DB-45B0-9819-29DB87F9E541}.Debug|x86.ActiveCfg = Debug|Any CPU
		{C1B8D93D-26DB-45B0-9819-29DB87F9E541}.Debug|x86.Build.0 = Debug|Any CPU
		{C1B8D93D-26DB-45B0-9819-29DB87F9E541}.Release|Any CPU.ActiveCfg = Release|Any CPU
		{C1B8D93D-26DB-45B0-9819-29DB87F9E541}.Release|Any CPU.Build.0 = Release|Any CPU
		{C1B8D93D-26DB-45B0-9819-29DB87F9E541}.Release|x64.ActiveCfg = Release|Any CPU
		{C1B8D93D-26DB-45B0-9819-29DB87F9E541}.Release|x64.Build.0 = Release|Any CPU
		{C1B8D93D-26DB-45B0-9819-29DB87F9E541}.Release|x86.ActiveCfg = Release|Any CPU
		{C1B8D93D-26DB-45B0-9819-29DB87F9E541}.Release|x86.Build.0 = Release|Any CPU
		{C9C80513-9477-47FE-AC23-F8EF6A04D018}.Debug|Any CPU.ActiveCfg = Debug|Any CPU
		{C9C80513-9477-47FE-AC23-F8EF6A04D018}.Debug|Any CPU.Build.0 = Debug|Any CPU
		{C9C80513-9477-47FE-AC23-F8EF6A04D018}.Debug|x64.ActiveCfg = Debug|Any CPU
		{C9C80513-9477-47FE-AC23-F8EF6A04D018}.Debug|x64.Build.0 = Debug|Any CPU
		{C9C80513-9477-47FE-AC23-F8EF6A04D018}.Debug|x86.ActiveCfg = Debug|Any CPU
		{C9C80513-9477-47FE-AC23-F8EF6A04D018}.Debug|x86.Build.0 = Debug|Any CPU
		{C9C80513-9477-47FE-AC23-F8EF6A04D018}.Release|Any CPU.ActiveCfg = Release|Any CPU
		{C9C80513-9477-47FE-AC23-F8EF6A04D018}.Release|Any CPU.Build.0 = Release|Any CPU
		{C9C80513-9477-47FE-AC23-F8EF6A04D018}.Release|x64.ActiveCfg = Release|Any CPU
		{C9C80513-9477-47FE-AC23-F8EF6A04D018}.Release|x64.Build.0 = Release|Any CPU
		{C9C80513-9477-47FE-AC23-F8EF6A04D018}.Release|x86.ActiveCfg = Release|Any CPU
		{C9C80513-9477-47FE-AC23-F8EF6A04D018}.Release|x86.Build.0 = Release|Any CPU
		{F7486344-195B-4749-9016-1EF020AB6051}.Debug|Any CPU.ActiveCfg = Debug|Any CPU
		{F7486344-195B-4749-9016-1EF020AB6051}.Debug|Any CPU.Build.0 = Debug|Any CPU
		{F7486344-195B-4749-9016-1EF020AB6051}.Debug|x64.ActiveCfg = Debug|Any CPU
		{F7486344-195B-4749-9016-1EF020AB6051}.Debug|x64.Build.0 = Debug|Any CPU
		{F7486344-195B-4749-9016-1EF020AB6051}.Debug|x86.ActiveCfg = Debug|Any CPU
		{F7486344-195B-4749-9016-1EF020AB6051}.Debug|x86.Build.0 = Debug|Any CPU
		{F7486344-195B-4749-9016-1EF020AB6051}.Release|Any CPU.ActiveCfg = Release|Any CPU
		{F7486344-195B-4749-9016-1EF020AB6051}.Release|Any CPU.Build.0 = Release|Any CPU
		{F7486344-195B-4749-9016-1EF020AB6051}.Release|x64.ActiveCfg = Release|Any CPU
		{F7486344-195B-4749-9016-1EF020AB6051}.Release|x64.Build.0 = Release|Any CPU
		{F7486344-195B-4749-9016-1EF020AB6051}.Release|x86.ActiveCfg = Release|Any CPU
		{F7486344-195B-4749-9016-1EF020AB6051}.Release|x86.Build.0 = Release|Any CPU
		{BA619778-58C5-426E-BBA9-E80245784D79}.Debug|Any CPU.ActiveCfg = Debug|Any CPU
		{BA619778-58C5-426E-BBA9-E80245784D79}.Debug|Any CPU.Build.0 = Debug|Any CPU
		{BA619778-58C5-426E-BBA9-E80245784D79}.Debug|x64.ActiveCfg = Debug|Any CPU
		{BA619778-58C5-426E-BBA9-E80245784D79}.Debug|x64.Build.0 = Debug|Any CPU
		{BA619778-58C5-426E-BBA9-E80245784D79}.Debug|x86.ActiveCfg = Debug|Any CPU
		{BA619778-58C5-426E-BBA9-E80245784D79}.Debug|x86.Build.0 = Debug|Any CPU
		{BA619778-58C5-426E-BBA9-E80245784D79}.Release|Any CPU.ActiveCfg = Release|Any CPU
		{BA619778-58C5-426E-BBA9-E80245784D79}.Release|Any CPU.Build.0 = Release|Any CPU
		{BA619778-58C5-426E-BBA9-E80245784D79}.Release|x64.ActiveCfg = Release|Any CPU
		{BA619778-58C5-426E-BBA9-E80245784D79}.Release|x64.Build.0 = Release|Any CPU
		{BA619778-58C5-426E-BBA9-E80245784D79}.Release|x86.ActiveCfg = Release|Any CPU
		{BA619778-58C5-426E-BBA9-E80245784D79}.Release|x86.Build.0 = Release|Any CPU
	EndGlobalSection
	GlobalSection(SolutionProperties) = preSolution
		HideSolutionNode = FALSE
	EndGlobalSection
	GlobalSection(NestedProjects) = preSolution
		{167D2CA4-556C-1102-0DFD-34A4258A1AC4} = {7676C7A3-BD0E-EDEE-0A3D-81F7D73A6A34}
		{C1B8D93D-26DB-45B0-9819-29DB87F9E541} = {167D2CA4-556C-1102-0DFD-34A4258A1AC4}
		{51835682-909E-7B9E-1168-6E73C1C94D11} = {D5201CF9-0672-89D7-496F-B34616518331}
		{C9C80513-9477-47FE-AC23-F8EF6A04D018} = {51835682-909E-7B9E-1168-6E73C1C94D11}
		{F9E1B349-7787-AB82-5A07-60F31510379D} = {B8167445-BFC4-454A-B580-81C838DF0634}
		{F7486344-195B-4749-9016-1EF020AB6051} = {F9E1B349-7787-AB82-5A07-60F31510379D}
		{07F7A9B4-B92C-6681-AB0F-045A23734319} = {B8167445-BFC4-454A-B580-81C838DF0634}
		{BA619778-58C5-426E-BBA9-E80245784D79} = {07F7A9B4-B92C-6681-AB0F-045A23734319}
	EndGlobalSection
EndGlobal
